
Microsoft Visual Studio Solution File, Format Version 12.00
# Visual Studio Version 17
VisualStudioVersion = 17.11.34909.67
MinimumVisualStudioVersion = 10.0.40219.1
Project("{FAE04EC0-301F-11D3-BF4B-00C04F79EFBC}") = "Calcyoulus.Android", "Calcyoulus.Android\Calcyoulus.Android.csproj", "{023CDA40-7E59-4F5A-A353-121D777B3285}"
EndProject
Project("{FAE04EC0-301F-11D3-BF4B-00C04F79EFBC}") = "Calcyoulus", "Calcyoulus\Calcyoulus.csproj", "{067F05C7-9A3B-4C9C-ABBB-5A4262DFBB3A}"
EndProject
Global
	GlobalSection(SolutionConfigurationPlatforms) = preSolution
		Debug|Any CPU = Debug|Any CPU
		Release|Any CPU = Release|Any CPU
	EndGlobalSection
	GlobalSection(ProjectConfigurationPlatforms) = postSolution
		{023CDA40-7E59-4F5A-A353-121D777B3285}.Debug|Any CPU.ActiveCfg = Debug|Any CPU
		{023CDA40-7E59-4F5A-A353-121D777B3285}.Debug|Any CPU.Build.0 = Debug|Any CPU
		{023CDA40-7E59-4F5A-A353-121D777B3285}.Debug|Any CPU.Deploy.0 = Debug|Any CPU
		{023CDA40-7E59-4F5A-A353-121D777B3285}.Release|Any CPU.ActiveCfg = Release|Any CPU
		{023CDA40-7E59-4F5A-A353-121D777B3285}.Release|Any CPU.Build.0 = Release|Any CPU
		{023CDA40-7E59-4F5A-A353-121D777B3285}.Release|Any CPU.Deploy.0 = Release|Any CPU
		{067F05C7-9A3B-4C9C-ABBB-5A4262DFBB3A}.Debug|Any CPU.ActiveCfg = Debug|Any CPU
		{067F05C7-9A3B-4C9C-ABBB-5A4262DFBB3A}.Debug|Any CPU.Build.0 = Debug|Any CPU
		{067F05C7-9A3B-4C9C-ABBB-5A4262DFBB3A}.Release|Any CPU.ActiveCfg = Release|Any CPU
		{067F05C7-9A3B-4C9C-ABBB-5A4262DFBB3A}.Release|Any CPU.Build.0 = Release|Any CPU
	EndGlobalSection
	GlobalSection(SolutionProperties) = preSolution
		HideSolutionNode = FALSE
	EndGlobalSection
	GlobalSection(ExtensibilityGlobals) = postSolution
		SolutionGuid = {05B78C43-E48C-4F8A-B84A-D4A93F065ED9}
	EndGlobalSection
EndGlobal
